
Microsoft Visual Studio Solution File, Format Version 12.00
# Visual Studio Version 16
VisualStudioVersion = 16.0.29728.190
MinimumVisualStudioVersion = 10.0.40219.1
Project("{FAE04EC0-301F-11D3-BF4B-00C04F79EFBC}") = "M151.Projekt.API", "M151.Projekt.API\M151.Projekt.API.csproj", "{28E1CCB2-F665-4C90-9AB0-3DF9DDFB5D57}"
EndProject
Project("{FAE04EC0-301F-11D3-BF4B-00C04F79EFBC}") = "M151.Projekt.Data", "M151.Projekt.Data\M151.Projekt.Data.csproj", "{80AE4DE7-A44C-4526-8997-D476C25134D0}"
EndProject
Global
	GlobalSection(SolutionConfigurationPlatforms) = preSolution
		Debug|Any CPU = Debug|Any CPU
		Release|Any CPU = Release|Any CPU
	EndGlobalSection
	GlobalSection(ProjectConfigurationPlatforms) = postSolution
		{28E1CCB2-F665-4C90-9AB0-3DF9DDFB5D57}.Debug|Any CPU.ActiveCfg = Debug|Any CPU
		{28E1CCB2-F665-4C90-9AB0-3DF9DDFB5D57}.Debug|Any CPU.Build.0 = Debug|Any CPU
		{28E1CCB2-F665-4C90-9AB0-3DF9DDFB5D57}.Release|Any CPU.ActiveCfg = Release|Any CPU
		{28E1CCB2-F665-4C90-9AB0-3DF9DDFB5D57}.Release|Any CPU.Build.0 = Release|Any CPU
		{80AE4DE7-A44C-4526-8997-D476C25134D0}.Debug|Any CPU.ActiveCfg = Debug|Any CPU
		{80AE4DE7-A44C-4526-8997-D476C25134D0}.Debug|Any CPU.Build.0 = Debug|Any CPU
		{80AE4DE7-A44C-4526-8997-D476C25134D0}.Release|Any CPU.ActiveCfg = Release|Any CPU
		{80AE4DE7-A44C-4526-8997-D476C25134D0}.Release|Any CPU.Build.0 = Release|Any CPU
	EndGlobalSection
	GlobalSection(SolutionProperties) = preSolution
		HideSolutionNode = FALSE
	EndGlobalSection
	GlobalSection(ExtensibilityGlobals) = postSolution
		SolutionGuid = {3A3C4128-EE4B-4EDE-B582-989D93685FB4}
	EndGlobalSection
EndGlobal
